// !$*UTF8*$!
{
	archiveVersion = 1;
	classes = {
	};
	objectVersion = 51;
	objects = {

/* Begin PBXBuildFile section */
		1E2585BA7C91C0EA89359401 /* Pods_RxSwiftDemoTests.framework in Frameworks */ = {isa = PBXBuildFile; fileRef = AA348E594582F5B7AA8434F3 /* Pods_RxSwiftDemoTests.framework */; };
		6D4FB11CE863E91A87C8189B /* Pods_RxSwiftDemo.framework in Frameworks */ = {isa = PBXBuildFile; fileRef = 02D4253AC0C527E339D868D4 /* Pods_RxSwiftDemo.framework */; };
		A1320CCE2349FB2800E833C9 /* RxCocoa.framework in Frameworks */ = {isa = PBXBuildFile; fileRef = A1320CCD2349FB2800E833C9 /* RxCocoa.framework */; };
		A1320CD02349FB2800E833C9 /* RxDataSources.framework in Frameworks */ = {isa = PBXBuildFile; fileRef = A1320CCF2349FB2800E833C9 /* RxDataSources.framework */; };
		A1320CD22349FB2800E833C9 /* RxSwift.framework in Frameworks */ = {isa = PBXBuildFile; fileRef = A1320CD12349FB2800E833C9 /* RxSwift.framework */; };
		A1320CD42349FB2800E833C9 /* SnapKit.framework in Frameworks */ = {isa = PBXBuildFile; fileRef = A1320CD32349FB2800E833C9 /* SnapKit.framework */; };
		A1320CD62349FB7B00E833C9 /* Differentiator.framework in Frameworks */ = {isa = PBXBuildFile; fileRef = A1320CD52349FB7B00E833C9 /* Differentiator.framework */; };
		A1320CD82349FB7B00E833C9 /* RxRelay.framework in Frameworks */ = {isa = PBXBuildFile; fileRef = A1320CD72349FB7B00E833C9 /* RxRelay.framework */; };
		A1320CDC2349FE9800E833C9 /* String+URL.swift in Sources */ = {isa = PBXBuildFile; fileRef = A1320CDB2349FE9800E833C9 /* String+URL.swift */; };
		A1320CDE234A1E1D00E833C9 /* BindingExtensions.swift in Sources */ = {isa = PBXBuildFile; fileRef = A1320CDD234A1E1D00E833C9 /* BindingExtensions.swift */; };
		A15668D32340DE5A005AA4E8 /* AppDelegate.swift in Sources */ = {isa = PBXBuildFile; fileRef = A15668D22340DE5A005AA4E8 /* AppDelegate.swift */; };
		A15668D52340DE5A005AA4E8 /* SceneDelegate.swift in Sources */ = {isa = PBXBuildFile; fileRef = A15668D42340DE5A005AA4E8 /* SceneDelegate.swift */; };
		A15668DA2340DE5A005AA4E8 /* Main.storyboard in Resources */ = {isa = PBXBuildFile; fileRef = A15668D82340DE5A005AA4E8 /* Main.storyboard */; };
		A15668DC2340DE5A005AA4E8 /* Assets.xcassets in Resources */ = {isa = PBXBuildFile; fileRef = A15668DB2340DE5A005AA4E8 /* Assets.xcassets */; };
		A15668DF2340DE5B005AA4E8 /* LaunchScreen.storyboard in Resources */ = {isa = PBXBuildFile; fileRef = A15668DD2340DE5B005AA4E8 /* LaunchScreen.storyboard */; };
		A15668EA2340DE5B005AA4E8 /* RxSwiftDemoTests.swift in Sources */ = {isa = PBXBuildFile; fileRef = A15668E92340DE5B005AA4E8 /* RxSwiftDemoTests.swift */; };
		A15668F52340DE5B005AA4E8 /* RxSwiftDemoUITests.swift in Sources */ = {isa = PBXBuildFile; fileRef = A15668F42340DE5B005AA4E8 /* RxSwiftDemoUITests.swift */; };
		A15669032340DE73005AA4E8 /* ImagePickerViewController.swift in Sources */ = {isa = PBXBuildFile; fileRef = A15669022340DE73005AA4E8 /* ImagePickerViewController.swift */; };
		A15669052340E02D005AA4E8 /* ImagePickerController+RxCreate.swift in Sources */ = {isa = PBXBuildFile; fileRef = A15669042340E02D005AA4E8 /* ImagePickerController+RxCreate.swift */; };
		A15669072340E1BE005AA4E8 /* UIImagePickerController+Rx.swift in Sources */ = {isa = PBXBuildFile; fileRef = A15669062340E1BE005AA4E8 /* UIImagePickerController+Rx.swift */; };
		A17625A92341A5F6001B7820 /* RxImagePickerDelegateProxy.swift in Sources */ = {isa = PBXBuildFile; fileRef = A17625A82341A5F6001B7820 /* RxImagePickerDelegateProxy.swift */; };
		A17625B42341AD1C001B7820 /* SimpleTableViewExampleSectionedViewController.swift in Sources */ = {isa = PBXBuildFile; fileRef = A17625B32341AD1C001B7820 /* SimpleTableViewExampleSectionedViewController.swift */; };
		A17625B62341AF04001B7820 /* RxTableViewSectionedReloadDataSource.swift in Sources */ = {isa = PBXBuildFile; fileRef = A17625B52341AF04001B7820 /* RxTableViewSectionedReloadDataSource.swift */; };
		A17625BB2341DB31001B7820 /* GitHubSignupViewController1.swift in Sources */ = {isa = PBXBuildFile; fileRef = A17625BA2341DB31001B7820 /* GitHubSignupViewController1.swift */; };
		A17625BD2341DB60001B7820 /* ViewController.swift in Sources */ = {isa = PBXBuildFile; fileRef = A17625BC2341DB60001B7820 /* ViewController.swift */; };
		A17625BF2341E498001B7820 /* GithubSignupViewModel1.swift in Sources */ = {isa = PBXBuildFile; fileRef = A17625BE2341E498001B7820 /* GithubSignupViewModel1.swift */; };
		A17625C12341E4C6001B7820 /* Protocols.swift in Sources */ = {isa = PBXBuildFile; fileRef = A17625C02341E4C6001B7820 /* Protocols.swift */; };
		A17625D42341EA0F001B7820 /* Wireframe.swift in Sources */ = {isa = PBXBuildFile; fileRef = A17625C82341EA0F001B7820 /* Wireframe.swift */; };
		A17625D92341EA0F001B7820 /* ActivityIndicator.swift in Sources */ = {isa = PBXBuildFile; fileRef = A17625CD2341EA0F001B7820 /* ActivityIndicator.swift */; };
		A17625DA2341EA0F001B7820 /* Reachability.swift in Sources */ = {isa = PBXBuildFile; fileRef = A17625CE2341EA0F001B7820 /* Reachability.swift */; };
		A17625DE2341EFF5001B7820 /* DefaultImplementations.swift in Sources */ = {isa = PBXBuildFile; fileRef = A17625DD2341EFF5001B7820 /* DefaultImplementations.swift */; };
		DBD9C4440C02DF9C979ACEBE /* Pods_RxSwiftDemoUITests.framework in Frameworks */ = {isa = PBXBuildFile; fileRef = 238D6600AE9B30FCB78E0516 /* Pods_RxSwiftDemoUITests.framework */; };
/* End PBXBuildFile section */

/* Begin PBXContainerItemProxy section */
		A15668E62340DE5B005AA4E8 /* PBXContainerItemProxy */ = {
			isa = PBXContainerItemProxy;
			containerPortal = A15668C72340DE5A005AA4E8 /* Project object */;
			proxyType = 1;
			remoteGlobalIDString = A15668CE2340DE5A005AA4E8;
			remoteInfo = RxSwiftDemo;
		};
		A15668F12340DE5B005AA4E8 /* PBXContainerItemProxy */ = {
			isa = PBXContainerItemProxy;
			containerPortal = A15668C72340DE5A005AA4E8 /* Project object */;
			proxyType = 1;
			remoteGlobalIDString = A15668CE2340DE5A005AA4E8;
			remoteInfo = RxSwiftDemo;
		};
/* End PBXContainerItemProxy section */

/* Begin PBXFileReference section */
		0290D03355AEC2D9B78FEBDF /* Pods-RxSwiftDemoUITests.release.xcconfig */ = {isa = PBXFileReference; includeInIndex = 1; lastKnownFileType = text.xcconfig; name = "Pods-RxSwiftDemoUITests.release.xcconfig"; path = "Target Support Files/Pods-RxSwiftDemoUITests/Pods-RxSwiftDemoUITests.release.xcconfig"; sourceTree = "<group>"; };
		02D4253AC0C527E339D868D4 /* Pods_RxSwiftDemo.framework */ = {isa = PBXFileReference; explicitFileType = wrapper.framework; includeInIndex = 0; path = Pods_RxSwiftDemo.framework; sourceTree = BUILT_PRODUCTS_DIR; };
		230B5BFBFDD699E5B361CA73 /* Pods-RxSwiftDemo.release.xcconfig */ = {isa = PBXFileReference; includeInIndex = 1; lastKnownFileType = text.xcconfig; name = "Pods-RxSwiftDemo.release.xcconfig"; path = "Target Support Files/Pods-RxSwiftDemo/Pods-RxSwiftDemo.release.xcconfig"; sourceTree = "<group>"; };
		238D6600AE9B30FCB78E0516 /* Pods_RxSwiftDemoUITests.framework */ = {isa = PBXFileReference; explicitFileType = wrapper.framework; includeInIndex = 0; path = Pods_RxSwiftDemoUITests.framework; sourceTree = BUILT_PRODUCTS_DIR; };
		5BCB66AAFCD45491AE15C75A /* Pods-RxSwiftDemo.debug.xcconfig */ = {isa = PBXFileReference; includeInIndex = 1; lastKnownFileType = text.xcconfig; name = "Pods-RxSwiftDemo.debug.xcconfig"; path = "Target Support Files/Pods-RxSwiftDemo/Pods-RxSwiftDemo.debug.xcconfig"; sourceTree = "<group>"; };
		6340A9F61CE764F43557408F /* Pods-RxSwiftDemoTests.debug.xcconfig */ = {isa = PBXFileReference; includeInIndex = 1; lastKnownFileType = text.xcconfig; name = "Pods-RxSwiftDemoTests.debug.xcconfig"; path = "Target Support Files/Pods-RxSwiftDemoTests/Pods-RxSwiftDemoTests.debug.xcconfig"; sourceTree = "<group>"; };
		A1320CCD2349FB2800E833C9 /* RxCocoa.framework */ = {isa = PBXFileReference; explicitFileType = wrapper.framework; path = RxCocoa.framework; sourceTree = BUILT_PRODUCTS_DIR; };
		A1320CCF2349FB2800E833C9 /* RxDataSources.framework */ = {isa = PBXFileReference; explicitFileType = wrapper.framework; path = RxDataSources.framework; sourceTree = BUILT_PRODUCTS_DIR; };
		A1320CD12349FB2800E833C9 /* RxSwift.framework */ = {isa = PBXFileReference; explicitFileType = wrapper.framework; path = RxSwift.framework; sourceTree = BUILT_PRODUCTS_DIR; };
		A1320CD32349FB2800E833C9 /* SnapKit.framework */ = {isa = PBXFileReference; explicitFileType = wrapper.framework; path = SnapKit.framework; sourceTree = BUILT_PRODUCTS_DIR; };
		A1320CD52349FB7B00E833C9 /* Differentiator.framework */ = {isa = PBXFileReference; explicitFileType = wrapper.framework; path = Differentiator.framework; sourceTree = BUILT_PRODUCTS_DIR; };
		A1320CD72349FB7B00E833C9 /* RxRelay.framework */ = {isa = PBXFileReference; explicitFileType = wrapper.framework; path = RxRelay.framework; sourceTree = BUILT_PRODUCTS_DIR; };
		A1320CDB2349FE9800E833C9 /* String+URL.swift */ = {isa = PBXFileReference; lastKnownFileType = sourcecode.swift; path = "String+URL.swift"; sourceTree = "<group>"; };
		A1320CDD234A1E1D00E833C9 /* BindingExtensions.swift */ = {isa = PBXFileReference; lastKnownFileType = sourcecode.swift; path = BindingExtensions.swift; sourceTree = "<group>"; };
		A15668CF2340DE5A005AA4E8 /* RxSwiftDemo.app */ = {isa = PBXFileReference; explicitFileType = wrapper.application; includeInIndex = 0; path = RxSwiftDemo.app; sourceTree = BUILT_PRODUCTS_DIR; };
		A15668D22340DE5A005AA4E8 /* AppDelegate.swift */ = {isa = PBXFileReference; lastKnownFileType = sourcecode.swift; path = AppDelegate.swift; sourceTree = "<group>"; };
		A15668D42340DE5A005AA4E8 /* SceneDelegate.swift */ = {isa = PBXFileReference; lastKnownFileType = sourcecode.swift; path = SceneDelegate.swift; sourceTree = "<group>"; };
		A15668D92340DE5A005AA4E8 /* Base */ = {isa = PBXFileReference; lastKnownFileType = file.storyboard; name = Base; path = Base.lproj/Main.storyboard; sourceTree = "<group>"; };
		A15668DB2340DE5A005AA4E8 /* Assets.xcassets */ = {isa = PBXFileReference; lastKnownFileType = folder.assetcatalog; path = Assets.xcassets; sourceTree = "<group>"; };
		A15668DE2340DE5B005AA4E8 /* Base */ = {isa = PBXFileReference; lastKnownFileType = file.storyboard; name = Base; path = Base.lproj/LaunchScreen.storyboard; sourceTree = "<group>"; };
		A15668E02340DE5B005AA4E8 /* Info.plist */ = {isa = PBXFileReference; lastKnownFileType = text.plist.xml; path = Info.plist; sourceTree = "<group>"; };
		A15668E52340DE5B005AA4E8 /* RxSwiftDemoTests.xctest */ = {isa = PBXFileReference; explicitFileType = wrapper.cfbundle; includeInIndex = 0; path = RxSwiftDemoTests.xctest; sourceTree = BUILT_PRODUCTS_DIR; };
		A15668E92340DE5B005AA4E8 /* RxSwiftDemoTests.swift */ = {isa = PBXFileReference; lastKnownFileType = sourcecode.swift; path = RxSwiftDemoTests.swift; sourceTree = "<group>"; };
		A15668EB2340DE5B005AA4E8 /* Info.plist */ = {isa = PBXFileReference; lastKnownFileType = text.plist.xml; path = Info.plist; sourceTree = "<group>"; };
		A15668F02340DE5B005AA4E8 /* RxSwiftDemoUITests.xctest */ = {isa = PBXFileReference; explicitFileType = wrapper.cfbundle; includeInIndex = 0; path = RxSwiftDemoUITests.xctest; sourceTree = BUILT_PRODUCTS_DIR; };
		A15668F42340DE5B005AA4E8 /* RxSwiftDemoUITests.swift */ = {isa = PBXFileReference; lastKnownFileType = sourcecode.swift; path = RxSwiftDemoUITests.swift; sourceTree = "<group>"; };
		A15668F62340DE5B005AA4E8 /* Info.plist */ = {isa = PBXFileReference; lastKnownFileType = text.plist.xml; path = Info.plist; sourceTree = "<group>"; };
		A15669022340DE73005AA4E8 /* ImagePickerViewController.swift */ = {isa = PBXFileReference; lastKnownFileType = sourcecode.swift; path = ImagePickerViewController.swift; sourceTree = "<group>"; };
		A15669042340E02D005AA4E8 /* ImagePickerController+RxCreate.swift */ = {isa = PBXFileReference; lastKnownFileType = sourcecode.swift; path = "ImagePickerController+RxCreate.swift"; sourceTree = "<group>"; };
		A15669062340E1BE005AA4E8 /* UIImagePickerController+Rx.swift */ = {isa = PBXFileReference; lastKnownFileType = sourcecode.swift; path = "UIImagePickerController+Rx.swift"; sourceTree = "<group>"; };
		A17625A82341A5F6001B7820 /* RxImagePickerDelegateProxy.swift */ = {isa = PBXFileReference; lastKnownFileType = sourcecode.swift; path = RxImagePickerDelegateProxy.swift; sourceTree = "<group>"; };
		A17625B32341AD1C001B7820 /* SimpleTableViewExampleSectionedViewController.swift */ = {isa = PBXFileReference; lastKnownFileType = sourcecode.swift; path = SimpleTableViewExampleSectionedViewController.swift; sourceTree = "<group>"; };
		A17625B52341AF04001B7820 /* RxTableViewSectionedReloadDataSource.swift */ = {isa = PBXFileReference; lastKnownFileType = sourcecode.swift; path = RxTableViewSectionedReloadDataSource.swift; sourceTree = "<group>"; };
		A17625BA2341DB31001B7820 /* GitHubSignupViewController1.swift */ = {isa = PBXFileReference; lastKnownFileType = sourcecode.swift; path = GitHubSignupViewController1.swift; sourceTree = "<group>"; };
		A17625BC2341DB60001B7820 /* ViewController.swift */ = {isa = PBXFileReference; lastKnownFileType = sourcecode.swift; path = ViewController.swift; sourceTree = "<group>"; };
		A17625BE2341E498001B7820 /* GithubSignupViewModel1.swift */ = {isa = PBXFileReference; lastKnownFileType = sourcecode.swift; path = GithubSignupViewModel1.swift; sourceTree = "<group>"; };
		A17625C02341E4C6001B7820 /* Protocols.swift */ = {isa = PBXFileReference; lastKnownFileType = sourcecode.swift; path = Protocols.swift; sourceTree = "<group>"; };
		A17625C82341EA0F001B7820 /* Wireframe.swift */ = {isa = PBXFileReference; fileEncoding = 4; lastKnownFileType = sourcecode.swift; path = Wireframe.swift; sourceTree = "<group>"; };
		A17625CD2341EA0F001B7820 /* ActivityIndicator.swift */ = {isa = PBXFileReference; fileEncoding = 4; lastKnownFileType = sourcecode.swift; path = ActivityIndicator.swift; sourceTree = "<group>"; };
		A17625CE2341EA0F001B7820 /* Reachability.swift */ = {isa = PBXFileReference; fileEncoding = 4; lastKnownFileType = sourcecode.swift; path = Reachability.swift; sourceTree = "<group>"; };
		A17625DD2341EFF5001B7820 /* DefaultImplementations.swift */ = {isa = PBXFileReference; lastKnownFileType = sourcecode.swift; path = DefaultImplementations.swift; sourceTree = "<group>"; };
		AA348E594582F5B7AA8434F3 /* Pods_RxSwiftDemoTests.framework */ = {isa = PBXFileReference; explicitFileType = wrapper.framework; includeInIndex = 0; path = Pods_RxSwiftDemoTests.framework; sourceTree = BUILT_PRODUCTS_DIR; };
		B9B9B40AC304CEAC2F8660D5 /* Pods-RxSwiftDemoUITests.debug.xcconfig */ = {isa = PBXFileReference; includeInIndex = 1; lastKnownFileType = text.xcconfig; name = "Pods-RxSwiftDemoUITests.debug.xcconfig"; path = "Target Support Files/Pods-RxSwiftDemoUITests/Pods-RxSwiftDemoUITests.debug.xcconfig"; sourceTree = "<group>"; };
		D9CD9856C147DCD53893A1B8 /* Pods-RxSwiftDemoTests.release.xcconfig */ = {isa = PBXFileReference; includeInIndex = 1; lastKnownFileType = text.xcconfig; name = "Pods-RxSwiftDemoTests.release.xcconfig"; path = "Target Support Files/Pods-RxSwiftDemoTests/Pods-RxSwiftDemoTests.release.xcconfig"; sourceTree = "<group>"; };
/* End PBXFileReference section */

/* Begin PBXFrameworksBuildPhase section */
		A15668CC2340DE5A005AA4E8 /* Frameworks */ = {
			isa = PBXFrameworksBuildPhase;
			buildActionMask = 2147483647;
			files = (
				A1320CD62349FB7B00E833C9 /* Differentiator.framework in Frameworks */,
				A1320CD82349FB7B00E833C9 /* RxRelay.framework in Frameworks */,
				A1320CCE2349FB2800E833C9 /* RxCocoa.framework in Frameworks */,
				A1320CD02349FB2800E833C9 /* RxDataSources.framework in Frameworks */,
				A1320CD22349FB2800E833C9 /* RxSwift.framework in Frameworks */,
				A1320CD42349FB2800E833C9 /* SnapKit.framework in Frameworks */,
				6D4FB11CE863E91A87C8189B /* Pods_RxSwiftDemo.framework in Frameworks */,
			);
			runOnlyForDeploymentPostprocessing = 0;
		};
		A15668E22340DE5B005AA4E8 /* Frameworks */ = {
			isa = PBXFrameworksBuildPhase;
			buildActionMask = 2147483647;
			files = (
				1E2585BA7C91C0EA89359401 /* Pods_RxSwiftDemoTests.framework in Frameworks */,
			);
			runOnlyForDeploymentPostprocessing = 0;
		};
		A15668ED2340DE5B005AA4E8 /* Frameworks */ = {
			isa = PBXFrameworksBuildPhase;
			buildActionMask = 2147483647;
			files = (
				DBD9C4440C02DF9C979ACEBE /* Pods_RxSwiftDemoUITests.framework in Frameworks */,
			);
			runOnlyForDeploymentPostprocessing = 0;
		};
/* End PBXFrameworksBuildPhase section */

/* Begin PBXGroup section */
		27BE1728D4FC4822A91B939B /* Frameworks */ = {
			isa = PBXGroup;
			children = (
				A1320CD52349FB7B00E833C9 /* Differentiator.framework */,
				A1320CD72349FB7B00E833C9 /* RxRelay.framework */,
				A1320CCD2349FB2800E833C9 /* RxCocoa.framework */,
				A1320CCF2349FB2800E833C9 /* RxDataSources.framework */,
				A1320CD12349FB2800E833C9 /* RxSwift.framework */,
				A1320CD32349FB2800E833C9 /* SnapKit.framework */,
				02D4253AC0C527E339D868D4 /* Pods_RxSwiftDemo.framework */,
				AA348E594582F5B7AA8434F3 /* Pods_RxSwiftDemoTests.framework */,
				238D6600AE9B30FCB78E0516 /* Pods_RxSwiftDemoUITests.framework */,
			);
			name = Frameworks;
			sourceTree = "<group>";
		};
		A15668C62340DE5A005AA4E8 = {
			isa = PBXGroup;
			children = (
				A15668D12340DE5A005AA4E8 /* RxSwiftDemo */,
				A15668E82340DE5B005AA4E8 /* RxSwiftDemoTests */,
				A15668F32340DE5B005AA4E8 /* RxSwiftDemoUITests */,
				A15668D02340DE5A005AA4E8 /* Products */,
				DA7A43BC60B32B9FB999B350 /* Pods */,
				27BE1728D4FC4822A91B939B /* Frameworks */,
			);
			sourceTree = "<group>";
		};
		A15668D02340DE5A005AA4E8 /* Products */ = {
			isa = PBXGroup;
			children = (
				A15668CF2340DE5A005AA4E8 /* RxSwiftDemo.app */,
				A15668E52340DE5B005AA4E8 /* RxSwiftDemoTests.xctest */,
				A15668F02340DE5B005AA4E8 /* RxSwiftDemoUITests.xctest */,
			);
			name = Products;
			sourceTree = "<group>";
		};
		A15668D12340DE5A005AA4E8 /* RxSwiftDemo */ = {
			isa = PBXGroup;
			children = (
				A17625B92341DB15001B7820 /* MVVM */,
				A17625B22341ACFF001B7820 /* TableView */,
				A17625B12341ACE7001B7820 /* ImagePicker */,
				A15668D22340DE5A005AA4E8 /* AppDelegate.swift */,
				A15668D42340DE5A005AA4E8 /* SceneDelegate.swift */,
				A15668D82340DE5A005AA4E8 /* Main.storyboard */,
				A15668DB2340DE5A005AA4E8 /* Assets.xcassets */,
				A15668DD2340DE5B005AA4E8 /* LaunchScreen.storyboard */,
				A15668E02340DE5B005AA4E8 /* Info.plist */,
				A17625BC2341DB60001B7820 /* ViewController.swift */,
				A17625C42341EA0F001B7820 /* Services */,
			);
			path = RxSwiftDemo;
			sourceTree = "<group>";
		};
		A15668E82340DE5B005AA4E8 /* RxSwiftDemoTests */ = {
			isa = PBXGroup;
			children = (
				A15668E92340DE5B005AA4E8 /* RxSwiftDemoTests.swift */,
				A15668EB2340DE5B005AA4E8 /* Info.plist */,
			);
			path = RxSwiftDemoTests;
			sourceTree = "<group>";
		};
		A15668F32340DE5B005AA4E8 /* RxSwiftDemoUITests */ = {
			isa = PBXGroup;
			children = (
				A15668F42340DE5B005AA4E8 /* RxSwiftDemoUITests.swift */,
				A15668F62340DE5B005AA4E8 /* Info.plist */,
			);
			path = RxSwiftDemoUITests;
			sourceTree = "<group>";
		};
		A17625B12341ACE7001B7820 /* ImagePicker */ = {
			isa = PBXGroup;
			children = (
				A15669022340DE73005AA4E8 /* ImagePickerViewController.swift */,
				A15669042340E02D005AA4E8 /* ImagePickerController+RxCreate.swift */,
				A15669062340E1BE005AA4E8 /* UIImagePickerController+Rx.swift */,
				A17625A82341A5F6001B7820 /* RxImagePickerDelegateProxy.swift */,
			);
			path = ImagePicker;
			sourceTree = "<group>";
		};
		A17625B22341ACFF001B7820 /* TableView */ = {
			isa = PBXGroup;
			children = (
				A17625B32341AD1C001B7820 /* SimpleTableViewExampleSectionedViewController.swift */,
				A17625B52341AF04001B7820 /* RxTableViewSectionedReloadDataSource.swift */,
			);
			path = TableView;
			sourceTree = "<group>";
		};
		A17625B92341DB15001B7820 /* MVVM */ = {
			isa = PBXGroup;
			children = (
				A17625BA2341DB31001B7820 /* GitHubSignupViewController1.swift */,
				A17625BE2341E498001B7820 /* GithubSignupViewModel1.swift */,
				A17625C02341E4C6001B7820 /* Protocols.swift */,
				A17625DD2341EFF5001B7820 /* DefaultImplementations.swift */,
				A1320CDB2349FE9800E833C9 /* String+URL.swift */,
				A1320CDD234A1E1D00E833C9 /* BindingExtensions.swift */,
			);
			path = MVVM;
			sourceTree = "<group>";
		};
		A17625C42341EA0F001B7820 /* Services */ = {
			isa = PBXGroup;
			children = (
				A17625C82341EA0F001B7820 /* Wireframe.swift */,
				A17625CD2341EA0F001B7820 /* ActivityIndicator.swift */,
				A17625CE2341EA0F001B7820 /* Reachability.swift */,
			);
			path = Services;
			sourceTree = "<group>";
		};
		DA7A43BC60B32B9FB999B350 /* Pods */ = {
			isa = PBXGroup;
			children = (
				5BCB66AAFCD45491AE15C75A /* Pods-RxSwiftDemo.debug.xcconfig */,
				230B5BFBFDD699E5B361CA73 /* Pods-RxSwiftDemo.release.xcconfig */,
				6340A9F61CE764F43557408F /* Pods-RxSwiftDemoTests.debug.xcconfig */,
				D9CD9856C147DCD53893A1B8 /* Pods-RxSwiftDemoTests.release.xcconfig */,
				B9B9B40AC304CEAC2F8660D5 /* Pods-RxSwiftDemoUITests.debug.xcconfig */,
				0290D03355AEC2D9B78FEBDF /* Pods-RxSwiftDemoUITests.release.xcconfig */,
			);
			path = Pods;
			sourceTree = "<group>";
		};
/* End PBXGroup section */

/* Begin PBXNativeTarget section */
		A15668CE2340DE5A005AA4E8 /* RxSwiftDemo */ = {
			isa = PBXNativeTarget;
			buildConfigurationList = A15668F92340DE5B005AA4E8 /* Build configuration list for PBXNativeTarget "RxSwiftDemo" */;
			buildPhases = (
				A12FBBEB7AD76632D04C7574 /* [CP] Check Pods Manifest.lock */,
				A15668CB2340DE5A005AA4E8 /* Sources */,
				A15668CC2340DE5A005AA4E8 /* Frameworks */,
				A15668CD2340DE5A005AA4E8 /* Resources */,
				FB01A6D3CFF295D7AF0A6723 /* [CP] Embed Pods Frameworks */,
			);
			buildRules = (
			);
			dependencies = (
			);
			name = RxSwiftDemo;
			productName = RxSwiftDemo;
			productReference = A15668CF2340DE5A005AA4E8 /* RxSwiftDemo.app */;
			productType = "com.apple.product-type.application";
		};
		A15668E42340DE5B005AA4E8 /* RxSwiftDemoTests */ = {
			isa = PBXNativeTarget;
			buildConfigurationList = A15668FC2340DE5B005AA4E8 /* Build configuration list for PBXNativeTarget "RxSwiftDemoTests" */;
			buildPhases = (
				7E1D0B499B4079D4C3DFF8B1 /* [CP] Check Pods Manifest.lock */,
				A15668E12340DE5B005AA4E8 /* Sources */,
				A15668E22340DE5B005AA4E8 /* Frameworks */,
				A15668E32340DE5B005AA4E8 /* Resources */,
			);
			buildRules = (
			);
			dependencies = (
				A15668E72340DE5B005AA4E8 /* PBXTargetDependency */,
			);
			name = RxSwiftDemoTests;
			productName = RxSwiftDemoTests;
			productReference = A15668E52340DE5B005AA4E8 /* RxSwiftDemoTests.xctest */;
			productType = "com.apple.product-type.bundle.unit-test";
		};
		A15668EF2340DE5B005AA4E8 /* RxSwiftDemoUITests */ = {
			isa = PBXNativeTarget;
			buildConfigurationList = A15668FF2340DE5B005AA4E8 /* Build configuration list for PBXNativeTarget "RxSwiftDemoUITests" */;
			buildPhases = (
				E762C80AF7B245ADD06FB40E /* [CP] Check Pods Manifest.lock */,
				A15668EC2340DE5B005AA4E8 /* Sources */,
				A15668ED2340DE5B005AA4E8 /* Frameworks */,
				A15668EE2340DE5B005AA4E8 /* Resources */,
			);
			buildRules = (
			);
			dependencies = (
				A15668F22340DE5B005AA4E8 /* PBXTargetDependency */,
			);
			name = RxSwiftDemoUITests;
			productName = RxSwiftDemoUITests;
			productReference = A15668F02340DE5B005AA4E8 /* RxSwiftDemoUITests.xctest */;
			productType = "com.apple.product-type.bundle.ui-testing";
		};
/* End PBXNativeTarget section */

/* Begin PBXProject section */
		A15668C72340DE5A005AA4E8 /* Project object */ = {
			isa = PBXProject;
			attributes = {
				LastSwiftUpdateCheck = 1100;
				LastUpgradeCheck = 1100;
				ORGANIZATIONNAME = jams;
				TargetAttributes = {
					A15668CE2340DE5A005AA4E8 = {
						CreatedOnToolsVersion = 11.0;
					};
					A15668E42340DE5B005AA4E8 = {
						CreatedOnToolsVersion = 11.0;
						TestTargetID = A15668CE2340DE5A005AA4E8;
					};
					A15668EF2340DE5B005AA4E8 = {
						CreatedOnToolsVersion = 11.0;
						TestTargetID = A15668CE2340DE5A005AA4E8;
					};
				};
			};
			buildConfigurationList = A15668CA2340DE5A005AA4E8 /* Build configuration list for PBXProject "RxSwiftDemo" */;
			compatibilityVersion = "Xcode 9.3";
			developmentRegion = en;
			hasScannedForEncodings = 0;
			knownRegions = (
				en,
				Base,
			);
			mainGroup = A15668C62340DE5A005AA4E8;
			productRefGroup = A15668D02340DE5A005AA4E8 /* Products */;
			projectDirPath = "";
			projectRoot = "";
			targets = (
				A15668CE2340DE5A005AA4E8 /* RxSwiftDemo */,
				A15668E42340DE5B005AA4E8 /* RxSwiftDemoTests */,
				A15668EF2340DE5B005AA4E8 /* RxSwiftDemoUITests */,
			);
		};
/* End PBXProject section */

/* Begin PBXResourcesBuildPhase section */
		A15668CD2340DE5A005AA4E8 /* Resources */ = {
			isa = PBXResourcesBuildPhase;
			buildActionMask = 2147483647;
			files = (
				A15668DF2340DE5B005AA4E8 /* LaunchScreen.storyboard in Resources */,
				A15668DC2340DE5A005AA4E8 /* Assets.xcassets in Resources */,
				A15668DA2340DE5A005AA4E8 /* Main.storyboard in Resources */,
			);
			runOnlyForDeploymentPostprocessing = 0;
		};
		A15668E32340DE5B005AA4E8 /* Resources */ = {
			isa = PBXResourcesBuildPhase;
			buildActionMask = 2147483647;
			files = (
			);
			runOnlyForDeploymentPostprocessing = 0;
		};
		A15668EE2340DE5B005AA4E8 /* Resources */ = {
			isa = PBXResourcesBuildPhase;
			buildActionMask = 2147483647;
			files = (
			);
			runOnlyForDeploymentPostprocessing = 0;
		};
/* End PBXResourcesBuildPhase section */

/* Begin PBXShellScriptBuildPhase section */
		7E1D0B499B4079D4C3DFF8B1 /* [CP] Check Pods Manifest.lock */ = {
			isa = PBXShellScriptBuildPhase;
			buildActionMask = 2147483647;
			files = (
			);
			inputFileListPaths = (
			);
			inputPaths = (
				"${PODS_PODFILE_DIR_PATH}/Podfile.lock",
				"${PODS_ROOT}/Manifest.lock",
			);
			name = "[CP] Check Pods Manifest.lock";
			outputFileListPaths = (
			);
			outputPaths = (
				"$(DERIVED_FILE_DIR)/Pods-RxSwiftDemoTests-checkManifestLockResult.txt",
			);
			runOnlyForDeploymentPostprocessing = 0;
			shellPath = /bin/sh;
			shellScript = "diff \"${PODS_PODFILE_DIR_PATH}/Podfile.lock\" \"${PODS_ROOT}/Manifest.lock\" > /dev/null\nif [ $? != 0 ] ; then\n    # print error to STDERR\n    echo \"error: The sandbox is not in sync with the Podfile.lock. Run 'pod install' or update your CocoaPods installation.\" >&2\n    exit 1\nfi\n# This output is used by Xcode 'outputs' to avoid re-running this script phase.\necho \"SUCCESS\" > \"${SCRIPT_OUTPUT_FILE_0}\"\n";
			showEnvVarsInLog = 0;
		};
		A12FBBEB7AD76632D04C7574 /* [CP] Check Pods Manifest.lock */ = {
			isa = PBXShellScriptBuildPhase;
			buildActionMask = 2147483647;
			files = (
			);
			inputFileListPaths = (
			);
			inputPaths = (
				"${PODS_PODFILE_DIR_PATH}/Podfile.lock",
				"${PODS_ROOT}/Manifest.lock",
			);
			name = "[CP] Check Pods Manifest.lock";
			outputFileListPaths = (
			);
			outputPaths = (
				"$(DERIVED_FILE_DIR)/Pods-RxSwiftDemo-checkManifestLockResult.txt",
			);
			runOnlyForDeploymentPostprocessing = 0;
			shellPath = /bin/sh;
			shellScript = "diff \"${PODS_PODFILE_DIR_PATH}/Podfile.lock\" \"${PODS_ROOT}/Manifest.lock\" > /dev/null\nif [ $? != 0 ] ; then\n    # print error to STDERR\n    echo \"error: The sandbox is not in sync with the Podfile.lock. Run 'pod install' or update your CocoaPods installation.\" >&2\n    exit 1\nfi\n# This output is used by Xcode 'outputs' to avoid re-running this script phase.\necho \"SUCCESS\" > \"${SCRIPT_OUTPUT_FILE_0}\"\n";
			showEnvVarsInLog = 0;
		};
		E762C80AF7B245ADD06FB40E /* [CP] Check Pods Manifest.lock */ = {
			isa = PBXShellScriptBuildPhase;
			buildActionMask = 2147483647;
			files = (
			);
			inputFileListPaths = (
			);
			inputPaths = (
				"${PODS_PODFILE_DIR_PATH}/Podfile.lock",
				"${PODS_ROOT}/Manifest.lock",
			);
			name = "[CP] Check Pods Manifest.lock";
			outputFileListPaths = (
			);
			outputPaths = (
				"$(DERIVED_FILE_DIR)/Pods-RxSwiftDemoUITests-checkManifestLockResult.txt",
			);
			runOnlyForDeploymentPostprocessing = 0;
			shellPath = /bin/sh;
			shellScript = "diff \"${PODS_PODFILE_DIR_PATH}/Podfile.lock\" \"${PODS_ROOT}/Manifest.lock\" > /dev/null\nif [ $? != 0 ] ; then\n    # print error to STDERR\n    echo \"error: The sandbox is not in sync with the Podfile.lock. Run 'pod install' or update your CocoaPods installation.\" >&2\n    exit 1\nfi\n# This output is used by Xcode 'outputs' to avoid re-running this script phase.\necho \"SUCCESS\" > \"${SCRIPT_OUTPUT_FILE_0}\"\n";
			showEnvVarsInLog = 0;
		};
		FB01A6D3CFF295D7AF0A6723 /* [CP] Embed Pods Frameworks */ = {
			isa = PBXShellScriptBuildPhase;
			buildActionMask = 2147483647;
			files = (
			);
			inputFileListPaths = (
				"${PODS_ROOT}/Target Support Files/Pods-RxSwiftDemo/Pods-RxSwiftDemo-frameworks-${CONFIGURATION}-input-files.xcfilelist",
			);
			name = "[CP] Embed Pods Frameworks";
			outputFileListPaths = (
				"${PODS_ROOT}/Target Support Files/Pods-RxSwiftDemo/Pods-RxSwiftDemo-frameworks-${CONFIGURATION}-output-files.xcfilelist",
			);
			runOnlyForDeploymentPostprocessing = 0;
			shellPath = /bin/sh;
			shellScript = "\"${PODS_ROOT}/Target Support Files/Pods-RxSwiftDemo/Pods-RxSwiftDemo-frameworks.sh\"\n";
			showEnvVarsInLog = 0;
		};
/* End PBXShellScriptBuildPhase section */

/* Begin PBXSourcesBuildPhase section */
		A15668CB2340DE5A005AA4E8 /* Sources */ = {
			isa = PBXSourcesBuildPhase;
			buildActionMask = 2147483647;
			files = (
				A1320CDE234A1E1D00E833C9 /* BindingExtensions.swift in Sources */,
				A17625D42341EA0F001B7820 /* Wireframe.swift in Sources */,
				A1320CDC2349FE9800E833C9 /* String+URL.swift in Sources */,
				A17625BD2341DB60001B7820 /* ViewController.swift in Sources */,
				A17625A92341A5F6001B7820 /* RxImagePickerDelegateProxy.swift in Sources */,
				A15668D32340DE5A005AA4E8 /* AppDelegate.swift in Sources */,
				A17625C12341E4C6001B7820 /* Protocols.swift in Sources */,
				A17625DE2341EFF5001B7820 /* DefaultImplementations.swift in Sources */,
				A17625B62341AF04001B7820 /* RxTableViewSectionedReloadDataSource.swift in Sources */,
				A15669052340E02D005AA4E8 /* ImagePickerController+RxCreate.swift in Sources */,
				A17625BF2341E498001B7820 /* GithubSignupViewModel1.swift in Sources */,
				A15669032340DE73005AA4E8 /* ImagePickerViewController.swift in Sources */,
				A17625DA2341EA0F001B7820 /* Reachability.swift in Sources */,
				A15669072340E1BE005AA4E8 /* UIImagePickerController+Rx.swift in Sources */,
				A17625D92341EA0F001B7820 /* ActivityIndicator.swift in Sources */,
				A17625B42341AD1C001B7820 /* SimpleTableViewExampleSectionedViewController.swift in Sources */,
				A17625BB2341DB31001B7820 /* GitHubSignupViewController1.swift in Sources */,
				A15668D52340DE5A005AA4E8 /* SceneDelegate.swift in Sources */,
			);
			runOnlyForDeploymentPostprocessing = 0;
		};
		A15668E12340DE5B005AA4E8 /* Sources */ = {
			isa = PBXSourcesBuildPhase;
			buildActionMask = 2147483647;
			files = (
				A15668EA2340DE5B005AA4E8 /* RxSwiftDemoTests.swift in Sources */,
			);
			runOnlyForDeploymentPostprocessing = 0;
		};
		A15668EC2340DE5B005AA4E8 /* Sources */ = {
			isa = PBXSourcesBuildPhase;
			buildActionMask = 2147483647;
			files = (
				A15668F52340DE5B005AA4E8 /* RxSwiftDemoUITests.swift in Sources */,
			);
			runOnlyForDeploymentPostprocessing = 0;
		};
/* End PBXSourcesBuildPhase section */

/* Begin PBXTargetDependency section */
		A15668E72340DE5B005AA4E8 /* PBXTargetDependency */ = {
			isa = PBXTargetDependency;
			target = A15668CE2340DE5A005AA4E8 /* RxSwiftDemo */;
			targetProxy = A15668E62340DE5B005AA4E8 /* PBXContainerItemProxy */;
		};
		A15668F22340DE5B005AA4E8 /* PBXTargetDependency */ = {
			isa = PBXTargetDependency;
			target = A15668CE2340DE5A005AA4E8 /* RxSwiftDemo */;
			targetProxy = A15668F12340DE5B005AA4E8 /* PBXContainerItemProxy */;
		};
/* End PBXTargetDependency section */

/* Begin PBXVariantGroup section */
		A15668D82340DE5A005AA4E8 /* Main.storyboard */ = {
			isa = PBXVariantGroup;
			children = (
				A15668D92340DE5A005AA4E8 /* Base */,
			);
			name = Main.storyboard;
			sourceTree = "<group>";
		};
		A15668DD2340DE5B005AA4E8 /* LaunchScreen.storyboard */ = {
			isa = PBXVariantGroup;
			children = (
				A15668DE2340DE5B005AA4E8 /* Base */,
			);
			name = LaunchScreen.storyboard;
			sourceTree = "<group>";
		};
/* End PBXVariantGroup section */

/* Begin XCBuildConfiguration section */
		A15668F72340DE5B005AA4E8 /* Debug */ = {
			isa = XCBuildConfiguration;
			buildSettings = {
				ALWAYS_SEARCH_USER_PATHS = NO;
				CLANG_ANALYZER_NONNULL = YES;
				CLANG_ANALYZER_NUMBER_OBJECT_CONVERSION = YES_AGGRESSIVE;
				CLANG_CXX_LANGUAGE_STANDARD = "gnu++14";
				CLANG_CXX_LIBRARY = "libc++";
				CLANG_ENABLE_MODULES = YES;
				CLANG_ENABLE_OBJC_ARC = YES;
				CLANG_ENABLE_OBJC_WEAK = YES;
				CLANG_WARN_BLOCK_CAPTURE_AUTORELEASING = YES;
				CLANG_WARN_BOOL_CONVERSION = YES;
				CLANG_WARN_COMMA = YES;
				CLANG_WARN_CONSTANT_CONVERSION = YES;
				CLANG_WARN_DEPRECATED_OBJC_IMPLEMENTATIONS = YES;
				CLANG_WARN_DIRECT_OBJC_ISA_USAGE = YES_ERROR;
				CLANG_WARN_DOCUMENTATION_COMMENTS = YES;
				CLANG_WARN_EMPTY_BODY = YES;
				CLANG_WARN_ENUM_CONVERSION = YES;
				CLANG_WARN_INFINITE_RECURSION = YES;
				CLANG_WARN_INT_CONVERSION = YES;
				CLANG_WARN_NON_LITERAL_NULL_CONVERSION = YES;
				CLANG_WARN_OBJC_IMPLICIT_RETAIN_SELF = YES;
				CLANG_WARN_OBJC_LITERAL_CONVERSION = YES;
				CLANG_WARN_OBJC_ROOT_CLASS = YES_ERROR;
				CLANG_WARN_RANGE_LOOP_ANALYSIS = YES;
				CLANG_WARN_STRICT_PROTOTYPES = YES;
				CLANG_WARN_SUSPICIOUS_MOVE = YES;
				CLANG_WARN_UNGUARDED_AVAILABILITY = YES_AGGRESSIVE;
				CLANG_WARN_UNREACHABLE_CODE = YES;
				CLANG_WARN__DUPLICATE_METHOD_MATCH = YES;
				COPY_PHASE_STRIP = NO;
				DEBUG_INFORMATION_FORMAT = dwarf;
				ENABLE_STRICT_OBJC_MSGSEND = YES;
				ENABLE_TESTABILITY = YES;
				GCC_C_LANGUAGE_STANDARD = gnu11;
				GCC_DYNAMIC_NO_PIC = NO;
				GCC_NO_COMMON_BLOCKS = YES;
				GCC_OPTIMIZATION_LEVEL = 0;
				GCC_PREPROCESSOR_DEFINITIONS = (
					"DEBUG=1",
					"$(inherited)",
				);
				GCC_WARN_64_TO_32_BIT_CONVERSION = YES;
				GCC_WARN_ABOUT_RETURN_TYPE = YES_ERROR;
				GCC_WARN_UNDECLARED_SELECTOR = YES;
				GCC_WARN_UNINITIALIZED_AUTOS = YES_AGGRESSIVE;
				GCC_WARN_UNUSED_FUNCTION = YES;
				GCC_WARN_UNUSED_VARIABLE = YES;
				IPHONEOS_DEPLOYMENT_TARGET = 13.0;
				MTL_ENABLE_DEBUG_INFO = INCLUDE_SOURCE;
				MTL_FAST_MATH = YES;
				ONLY_ACTIVE_ARCH = YES;
				SDKROOT = iphoneos;
				SWIFT_ACTIVE_COMPILATION_CONDITIONS = DEBUG;
				SWIFT_OPTIMIZATION_LEVEL = "-Onone";
			};
			name = Debug;
		};
		A15668F82340DE5B005AA4E8 /* Release */ = {
			isa = XCBuildConfiguration;
			buildSettings = {
				ALWAYS_SEARCH_USER_PATHS = NO;
				CLANG_ANALYZER_NONNULL = YES;
				CLANG_ANALYZER_NUMBER_OBJECT_CONVERSION = YES_AGGRESSIVE;
				CLANG_CXX_LANGUAGE_STANDARD = "gnu++14";
				CLANG_CXX_LIBRARY = "libc++";
				CLANG_ENABLE_MODULES = YES;
				CLANG_ENABLE_OBJC_ARC = YES;
				CLANG_ENABLE_OBJC_WEAK = YES;
				CLANG_WARN_BLOCK_CAPTURE_AUTORELEASING = YES;
				CLANG_WARN_BOOL_CONVERSION = YES;
				CLANG_WARN_COMMA = YES;
				CLANG_WARN_CONSTANT_CONVERSION = YES;
				CLANG_WARN_DEPRECATED_OBJC_IMPLEMENTATIONS = YES;
				CLANG_WARN_DIRECT_OBJC_ISA_USAGE = YES_ERROR;
				CLANG_WARN_DOCUMENTATION_COMMENTS = YES;
				CLANG_WARN_EMPTY_BODY = YES;
				CLANG_WARN_ENUM_CONVERSION = YES;
				CLANG_WARN_INFINITE_RECURSION = YES;
				CLANG_WARN_INT_CONVERSION = YES;
				CLANG_WARN_NON_LITERAL_NULL_CONVERSION = YES;
				CLANG_WARN_OBJC_IMPLICIT_RETAIN_SELF = YES;
				CLANG_WARN_OBJC_LITERAL_CONVERSION = YES;
				CLANG_WARN_OBJC_ROOT_CLASS = YES_ERROR;
				CLANG_WARN_RANGE_LOOP_ANALYSIS = YES;
				CLANG_WARN_STRICT_PROTOTYPES = YES;
				CLANG_WARN_SUSPICIOUS_MOVE = YES;
				CLANG_WARN_UNGUARDED_AVAILABILITY = YES_AGGRESSIVE;
				CLANG_WARN_UNREACHABLE_CODE = YES;
				CLANG_WARN__DUPLICATE_METHOD_MATCH = YES;
				COPY_PHASE_STRIP = NO;
				DEBUG_INFORMATION_FORMAT = "dwarf-with-dsym";
				ENABLE_NS_ASSERTIONS = NO;
				ENABLE_STRICT_OBJC_MSGSEND = YES;
				GCC_C_LANGUAGE_STANDARD = gnu11;
				GCC_NO_COMMON_BLOCKS = YES;
				GCC_WARN_64_TO_32_BIT_CONVERSION = YES;
				GCC_WARN_ABOUT_RETURN_TYPE = YES_ERROR;
				GCC_WARN_UNDECLARED_SELECTOR = YES;
				GCC_WARN_UNINITIALIZED_AUTOS = YES_AGGRESSIVE;
				GCC_WARN_UNUSED_FUNCTION = YES;
				GCC_WARN_UNUSED_VARIABLE = YES;
				IPHONEOS_DEPLOYMENT_TARGET = 13.0;
				MTL_ENABLE_DEBUG_INFO = NO;
				MTL_FAST_MATH = YES;
				SDKROOT = iphoneos;
				SWIFT_COMPILATION_MODE = wholemodule;
				SWIFT_OPTIMIZATION_LEVEL = "-O";
				VALIDATE_PRODUCT = YES;
			};
			name = Release;
		};
		A15668FA2340DE5B005AA4E8 /* Debug */ = {
			isa = XCBuildConfiguration;
			baseConfigurationReference = 5BCB66AAFCD45491AE15C75A /* Pods-RxSwiftDemo.debug.xcconfig */;
			buildSettings = {
				ASSETCATALOG_COMPILER_APPICON_NAME = AppIcon;
				CODE_SIGN_STYLE = Automatic;
				DEVELOPMENT_TEAM = 5V837WG2CJ;
				INFOPLIST_FILE = RxSwiftDemo/Info.plist;
				LD_RUNPATH_SEARCH_PATHS = (
					"$(inherited)",
					"@executable_path/Frameworks",
				);
				PRODUCT_BUNDLE_IDENTIFIER = jams.RxSwiftDemo;
				PRODUCT_NAME = "$(TARGET_NAME)";
				SWIFT_VERSION = 5.0;
				TARGETED_DEVICE_FAMILY = "1,2";
			};
			name = Debug;
		};
		A15668FB2340DE5B005AA4E8 /* Release */ = {
			isa = XCBuildConfiguration;
			baseConfigurationReference = 230B5BFBFDD699E5B361CA73 /* Pods-RxSwiftDemo.release.xcconfig */;
			buildSettings = {
				ASSETCATALOG_COMPILER_APPICON_NAME = AppIcon;
				CODE_SIGN_STYLE = Automatic;
				DEVELOPMENT_TEAM = 5V837WG2CJ;
				INFOPLIST_FILE = RxSwiftDemo/Info.plist;
				IPHONEOS_DEPLOYMENT_TARGET = 13.0;
				LD_RUNPATH_SEARCH_PATHS = (
					"$(inherited)",
					"@executable_path/Frameworks",
				);
				PRODUCT_BUNDLE_IDENTIFIER = jams.RxSwiftDemo;
				PRODUCT_NAME = "$(TARGET_NAME)";
				SWIFT_VERSION = 5.0;
				TARGETED_DEVICE_FAMILY = "1,2";
			};
			name = Release;
		};
		A15668FD2340DE5B005AA4E8 /* Debug */ = {
			isa = XCBuildConfiguration;
			baseConfigurationReference = 6340A9F61CE764F43557408F /* Pods-RxSwiftDemoTests.debug.xcconfig */;
			buildSettings = {
				ALWAYS_EMBED_SWIFT_STANDARD_LIBRARIES = YES;
				BUNDLE_LOADER = "$(TEST_HOST)";
				CODE_SIGN_STYLE = Automatic;
				INFOPLIST_FILE = RxSwiftDemoTests/Info.plist;
				IPHONEOS_DEPLOYMENT_TARGET = 13.0;
				LD_RUNPATH_SEARCH_PATHS = (
					"$(inherited)",
					"@executable_path/Frameworks",
					"@loader_path/Frameworks",
				);
				PRODUCT_BUNDLE_IDENTIFIER = jams.RxSwiftDemoTests;
				PRODUCT_NAME = "$(TARGET_NAME)";
				SWIFT_VERSION = 5.0;
				TARGETED_DEVICE_FAMILY = "1,2";
				TEST_HOST = "$(BUILT_PRODUCTS_DIR)/RxSwiftDemo.app/RxSwiftDemo";
			};
			name = Debug;
		};
		A15668FE2340DE5B005AA4E8 /* Release */ = {
			isa = XCBuildConfiguration;
			baseConfigurationReference = D9CD9856C147DCD53893A1B8 /* Pods-RxSwiftDemoTests.release.xcconfig */;
			buildSettings = {
				ALWAYS_EMBED_SWIFT_STANDARD_LIBRARIES = YES;
				BUNDLE_LOADER = "$(TEST_HOST)";
				CODE_SIGN_STYLE = Automatic;
				INFOPLIST_FILE = RxSwiftDemoTests/Info.plist;
				IPHONEOS_DEPLOYMENT_TARGET = 13.0;
				LD_RUNPATH_SEARCH_PATHS = (
					"$(inherited)",
					"@executable_path/Frameworks",
					"@loader_path/Frameworks",
				);
				PRODUCT_BUNDLE_IDENTIFIER = jams.RxSwiftDemoTests;
				PRODUCT_NAME = "$(TARGET_NAME)";
				SWIFT_VERSION = 5.0;
				TARGETED_DEVICE_FAMILY = "1,2";
				TEST_HOST = "$(BUILT_PRODUCTS_DIR)/RxSwiftDemo.app/RxSwiftDemo";
			};
			name = Release;
		};
		A15669002340DE5B005AA4E8 /* Debug */ = {
			isa = XCBuildConfiguration;
			baseConfigurationReference = B9B9B40AC304CEAC2F8660D5 /* Pods-RxSwiftDemoUITests.debug.xcconfig */;
			buildSettings = {
				ALWAYS_EMBED_SWIFT_STANDARD_LIBRARIES = YES;
				CODE_SIGN_STYLE = Automatic;
				INFOPLIST_FILE = RxSwiftDemoUITests/Info.plist;
				LD_RUNPATH_SEARCH_PATHS = (
					"$(inherited)",
					"@executable_path/Frameworks",
					"@loader_path/Frameworks",
				);
				PRODUCT_BUNDLE_IDENTIFIER = jams.RxSwiftDemoUITests;
				PRODUCT_NAME = "$(TARGET_NAME)";
				SWIFT_VERSION = 5.0;
				TARGETED_DEVICE_FAMILY = "1,2";
				TEST_TARGET_NAME = RxSwiftDemo;
			};
			name = Debug;
		};
		A15669012340DE5B005AA4E8 /* Release */ = {
			isa = XCBuildConfiguration;
			baseConfigurationReference = 0290D03355AEC2D9B78FEBDF /* Pods-RxSwiftDemoUITests.release.xcconfig */;
			buildSettings = {
				ALWAYS_EMBED_SWIFT_STANDARD_LIBRARIES = YES;
				CODE_SIGN_STYLE = Automatic;
				INFOPLIST_FILE = RxSwiftDemoUITests/Info.plist;
				LD_RUNPATH_SEARCH_PATHS = (
					"$(inherited)",
					"@executable_path/Frameworks",
					"@loader_path/Frameworks",
				);
				PRODUCT_BUNDLE_IDENTIFIER = jams.RxSwiftDemoUITests;
				PRODUCT_NAME = "$(TARGET_NAME)";
				SWIFT_VERSION = 5.0;
				TARGETED_DEVICE_FAMILY = "1,2";
				TEST_TARGET_NAME = RxSwiftDemo;
			};
			name = Release;
		};
/* End XCBuildConfiguration section */

/* Begin XCConfigurationList section */
		A15668CA2340DE5A005AA4E8 /* Build configuration list for PBXProject "RxSwiftDemo" */ = {
			isa = XCConfigurationList;
			buildConfigurations = (
				A15668F72340DE5B005AA4E8 /* Debug */,
				A15668F82340DE5B005AA4E8 /* Release */,
			);
			defaultConfigurationIsVisible = 0;
			defaultConfigurationName = Release;
		};
		A15668F92340DE5B005AA4E8 /* Build configuration list for PBXNativeTarget "RxSwiftDemo" */ = {
			isa = XCConfigurationList;
			buildConfigurations = (
				A15668FA2340DE5B005AA4E8 /* Debug */,
				A15668FB2340DE5B005AA4E8 /* Release */,
			);
			defaultConfigurationIsVisible = 0;
			defaultConfigurationName = Release;
		};
		A15668FC2340DE5B005AA4E8 /* Build configuration list for PBXNativeTarget "RxSwiftDemoTests" */ = {
			isa = XCConfigurationList;
			buildConfigurations = (
				A15668FD2340DE5B005AA4E8 /* Debug */,
				A15668FE2340DE5B005AA4E8 /* Release */,
			);
			defaultConfigurationIsVisible = 0;
			defaultConfigurationName = Release;
		};
		A15668FF2340DE5B005AA4E8 /* Build configuration list for PBXNativeTarget "RxSwiftDemoUITests" */ = {
			isa = XCConfigurationList;
			buildConfigurations = (
				A15669002340DE5B005AA4E8 /* Debug */,
				A15669012340DE5B005AA4E8 /* Release */,
			);
			defaultConfigurationIsVisible = 0;
			defaultConfigurationName = Release;
		};
/* End XCConfigurationList section */
	};
	rootObject = A15668C72340DE5A005AA4E8 /* Project object */;
}
